
Microsoft Visual Studio Solution File, Format Version 12.00
# Visual Studio 15
VisualStudioVersion = 15.0.26124.0
MinimumVisualStudioVersion = 15.0.26124.0
Project("{2150E333-8FDC-42A3-9474-1A3956D46DE8}") = "Tests", "Tests", "{B72650D8-863D-4B24-B7D5-49CD38EE030E}"
EndProject
Project("{FAE04EC0-301F-11D3-BF4B-00C04F79EFBC}") = "SampleAPI.Fixtures", "Tests\SampleAPI.Fixtures\SampleAPI.Fixtures.csproj", "{2363AFF3-353C-497D-B1B9-DA11C300D323}"
EndProject
Project("{2150E333-8FDC-42A3-9474-1A3956D46DE8}") = "ClientCredentials", "ClientCredentials", "{6F442D0B-8FBC-45C4-BEEB-EA1DAC41ACBC}"
EndProject
Project("{FAE04EC0-301F-11D3-BF4B-00C04F79EFBC}") = "SampleAPI", "SampleAPI\SampleAPI.csproj", "{3B5F2874-2451-463F-B549-B1ED1D7ACF5C}"
EndProject
Project("{2150E333-8FDC-42A3-9474-1A3956D46DE8}") = "OAuth.UI.InMemory", "OAuth.UI.InMemory", "{77BCB40E-E31C-4FB6-A6DC-D6043F729C9C}"
EndProject
Project("{2150E333-8FDC-42A3-9474-1A3956D46DE8}") = "OAuth.UI.Database", "OAuth.UI.Database", "{DAAB947A-927C-46EE-9A35-93BF88DE71A8}"
EndProject
Project("{FAE04EC0-301F-11D3-BF4B-00C04F79EFBC}") = "OAuth.UI.Database", "OAuth.UI.Database\OAuth.UI.Database\OAuth.UI.Database.csproj", "{5BEEB34B-08BB-45DC-B1AC-AE55B45F041E}"
EndProject
Project("{FAE04EC0-301F-11D3-BF4B-00C04F79EFBC}") = "IS4.ClientCredentials", "ClientCredentials\IS4.ClientCredentials\IS4.ClientCredentials.csproj", "{813850EA-6AAF-4D2A-8A96-73B5CDE70FCB}"
EndProject
Project("{FAE04EC0-301F-11D3-BF4B-00C04F79EFBC}") = "SampleAPI.OAuth.ClientCredentials", "ClientCredentials\SampleAPI.OAuth.ClientCredentials\SampleAPI.OAuth.ClientCredentials.csproj", "{C107699E-861F-4715-9986-1C48C0CE67EF}"
EndProject
Project("{FAE04EC0-301F-11D3-BF4B-00C04F79EFBC}") = "SampleClient.ClientCredentials", "ClientCredentials\SampleClient.ClientCredentials\SampleClient.ClientCredentials.csproj", "{09BF9EFB-24AE-4475-B91E-A29A5B2494B7}"
EndProject
Project("{FAE04EC0-301F-11D3-BF4B-00C04F79EFBC}") = "SampleAPI.OAuth.UI", "OAuth.UI.InMemory\SampleAPI.OAuth.UI\SampleAPI.OAuth.UI.csproj", "{54900FC2-2A13-4895-BDB2-AB64759B5614}"
EndProject
Project("{FAE04EC0-301F-11D3-BF4B-00C04F79EFBC}") = "OAuth.UI.Database.Repository", "OAuth.UI.Database\OAuth.UI.Database.Repository\OAuth.UI.Database.Repository.csproj", "{AF562876-D6C5-442D-98D1-244D820381F3}"
EndProject
Project("{FAE04EC0-301F-11D3-BF4B-00C04F79EFBC}") = "SampleWebApp", "SampleWebApp\SampleWebApp.csproj", "{C92852DE-E148-4492-954D-691011264229}"
EndProject
Project("{FAE04EC0-301F-11D3-BF4B-00C04F79EFBC}") = "OAuthDB", "OAuthDB\OAuthDB.csproj", "{95A0D523-DF45-49A7-B0CB-98C165BEDD92}"
EndProject
Project("{FAE04EC0-301F-11D3-BF4B-00C04F79EFBC}") = "OAuth.UI.Database.PasswordHasher", "OAuth.UI.Database\OAuth.UI.Database.PasswordHasher\OAuth.UI.Database.PasswordHasher.csproj", "{3CAAAB91-A2E8-4D7F-AEFC-680BB80AA588}"
EndProject
Global
	GlobalSection(SolutionConfigurationPlatforms) = preSolution
		Debug|Any CPU = Debug|Any CPU
		Debug|x64 = Debug|x64
		Debug|x86 = Debug|x86
		Release|Any CPU = Release|Any CPU
		Release|x64 = Release|x64
		Release|x86 = Release|x86
	EndGlobalSection
	GlobalSection(SolutionProperties) = preSolution
		HideSolutionNode = FALSE
	EndGlobalSection
	GlobalSection(ProjectConfigurationPlatforms) = postSolution
		{2363AFF3-353C-497D-B1B9-DA11C300D323}.Debug|Any CPU.ActiveCfg = Debug|Any CPU
		{2363AFF3-353C-497D-B1B9-DA11C300D323}.Debug|Any CPU.Build.0 = Debug|Any CPU
		{2363AFF3-353C-497D-B1B9-DA11C300D323}.Debug|x64.ActiveCfg = Debug|Any CPU
		{2363AFF3-353C-497D-B1B9-DA11C300D323}.Debug|x64.Build.0 = Debug|Any CPU
		{2363AFF3-353C-497D-B1B9-DA11C300D323}.Debug|x86.ActiveCfg = Debug|Any CPU
		{2363AFF3-353C-497D-B1B9-DA11C300D323}.Debug|x86.Build.0 = Debug|Any CPU
		{2363AFF3-353C-497D-B1B9-DA11C300D323}.Release|Any CPU.ActiveCfg = Release|Any CPU
		{2363AFF3-353C-497D-B1B9-DA11C300D323}.Release|Any CPU.Build.0 = Release|Any CPU
		{2363AFF3-353C-497D-B1B9-DA11C300D323}.Release|x64.ActiveCfg = Release|Any CPU
		{2363AFF3-353C-497D-B1B9-DA11C300D323}.Release|x64.Build.0 = Release|Any CPU
		{2363AFF3-353C-497D-B1B9-DA11C300D323}.Release|x86.ActiveCfg = Release|Any CPU
		{2363AFF3-353C-497D-B1B9-DA11C300D323}.Release|x86.Build.0 = Release|Any CPU
		{3B5F2874-2451-463F-B549-B1ED1D7ACF5C}.Debug|Any CPU.ActiveCfg = Debug|Any CPU
		{3B5F2874-2451-463F-B549-B1ED1D7ACF5C}.Debug|Any CPU.Build.0 = Debug|Any CPU
		{3B5F2874-2451-463F-B549-B1ED1D7ACF5C}.Debug|x64.ActiveCfg = Debug|Any CPU
		{3B5F2874-2451-463F-B549-B1ED1D7ACF5C}.Debug|x64.Build.0 = Debug|Any CPU
		{3B5F2874-2451-463F-B549-B1ED1D7ACF5C}.Debug|x86.ActiveCfg = Debug|Any CPU
		{3B5F2874-2451-463F-B549-B1ED1D7ACF5C}.Debug|x86.Build.0 = Debug|Any CPU
		{3B5F2874-2451-463F-B549-B1ED1D7ACF5C}.Release|Any CPU.ActiveCfg = Release|Any CPU
		{3B5F2874-2451-463F-B549-B1ED1D7ACF5C}.Release|Any CPU.Build.0 = Release|Any CPU
		{3B5F2874-2451-463F-B549-B1ED1D7ACF5C}.Release|x64.ActiveCfg = Release|Any CPU
		{3B5F2874-2451-463F-B549-B1ED1D7ACF5C}.Release|x64.Build.0 = Release|Any CPU
		{3B5F2874-2451-463F-B549-B1ED1D7ACF5C}.Release|x86.ActiveCfg = Release|Any CPU
		{3B5F2874-2451-463F-B549-B1ED1D7ACF5C}.Release|x86.Build.0 = Release|Any CPU
		{5BEEB34B-08BB-45DC-B1AC-AE55B45F041E}.Debug|Any CPU.ActiveCfg = Debug|Any CPU
		{5BEEB34B-08BB-45DC-B1AC-AE55B45F041E}.Debug|Any CPU.Build.0 = Debug|Any CPU
		{5BEEB34B-08BB-45DC-B1AC-AE55B45F041E}.Debug|x64.ActiveCfg = Debug|Any CPU
		{5BEEB34B-08BB-45DC-B1AC-AE55B45F041E}.Debug|x64.Build.0 = Debug|Any CPU
		{5BEEB34B-08BB-45DC-B1AC-AE55B45F041E}.Debug|x86.ActiveCfg = Debug|Any CPU
		{5BEEB34B-08BB-45DC-B1AC-AE55B45F041E}.Debug|x86.Build.0 = Debug|Any CPU
		{5BEEB34B-08BB-45DC-B1AC-AE55B45F041E}.Release|Any CPU.ActiveCfg = Release|Any CPU
		{5BEEB34B-08BB-45DC-B1AC-AE55B45F041E}.Release|Any CPU.Build.0 = Release|Any CPU
		{5BEEB34B-08BB-45DC-B1AC-AE55B45F041E}.Release|x64.ActiveCfg = Release|Any CPU
		{5BEEB34B-08BB-45DC-B1AC-AE55B45F041E}.Release|x64.Build.0 = Release|Any CPU
		{5BEEB34B-08BB-45DC-B1AC-AE55B45F041E}.Release|x86.ActiveCfg = Release|Any CPU
		{5BEEB34B-08BB-45DC-B1AC-AE55B45F041E}.Release|x86.Build.0 = Release|Any CPU
		{813850EA-6AAF-4D2A-8A96-73B5CDE70FCB}.Debug|Any CPU.ActiveCfg = Debug|Any CPU
		{813850EA-6AAF-4D2A-8A96-73B5CDE70FCB}.Debug|Any CPU.Build.0 = Debug|Any CPU
		{813850EA-6AAF-4D2A-8A96-73B5CDE70FCB}.Debug|x64.ActiveCfg = Debug|Any CPU
		{813850EA-6AAF-4D2A-8A96-73B5CDE70FCB}.Debug|x64.Build.0 = Debug|Any CPU
		{813850EA-6AAF-4D2A-8A96-73B5CDE70FCB}.Debug|x86.ActiveCfg = Debug|Any CPU
		{813850EA-6AAF-4D2A-8A96-73B5CDE70FCB}.Debug|x86.Build.0 = Debug|Any CPU
		{813850EA-6AAF-4D2A-8A96-73B5CDE70FCB}.Release|Any CPU.ActiveCfg = Release|Any CPU
		{813850EA-6AAF-4D2A-8A96-73B5CDE70FCB}.Release|Any CPU.Build.0 = Release|Any CPU
		{813850EA-6AAF-4D2A-8A96-73B5CDE70FCB}.Release|x64.ActiveCfg = Release|Any CPU
		{813850EA-6AAF-4D2A-8A96-73B5CDE70FCB}.Release|x64.Build.0 = Release|Any CPU
		{813850EA-6AAF-4D2A-8A96-73B5CDE70FCB}.Release|x86.ActiveCfg = Release|Any CPU
		{813850EA-6AAF-4D2A-8A96-73B5CDE70FCB}.Release|x86.Build.0 = Release|Any CPU
		{C107699E-861F-4715-9986-1C48C0CE67EF}.Debug|Any CPU.ActiveCfg = Debug|Any CPU
		{C107699E-861F-4715-9986-1C48C0CE67EF}.Debug|Any CPU.Build.0 = Debug|Any CPU
		{C107699E-861F-4715-9986-1C48C0CE67EF}.Debug|x64.ActiveCfg = Debug|Any CPU
		{C107699E-861F-4715-9986-1C48C0CE67EF}.Debug|x64.Build.0 = Debug|Any CPU
		{C107699E-861F-4715-9986-1C48C0CE67EF}.Debug|x86.ActiveCfg = Debug|Any CPU
		{C107699E-861F-4715-9986-1C48C0CE67EF}.Debug|x86.Build.0 = Debug|Any CPU
		{C107699E-861F-4715-9986-1C48C0CE67EF}.Release|Any CPU.ActiveCfg = Release|Any CPU
		{C107699E-861F-4715-9986-1C48C0CE67EF}.Release|Any CPU.Build.0 = Release|Any CPU
		{C107699E-861F-4715-9986-1C48C0CE67EF}.Release|x64.ActiveCfg = Release|Any CPU
		{C107699E-861F-4715-9986-1C48C0CE67EF}.Release|x64.Build.0 = Release|Any CPU
		{C107699E-861F-4715-9986-1C48C0CE67EF}.Release|x86.ActiveCfg = Release|Any CPU
		{C107699E-861F-4715-9986-1C48C0CE67EF}.Release|x86.Build.0 = Release|Any CPU
		{09BF9EFB-24AE-4475-B91E-A29A5B2494B7}.Debug|Any CPU.ActiveCfg = Debug|Any CPU
		{09BF9EFB-24AE-4475-B91E-A29A5B2494B7}.Debug|Any CPU.Build.0 = Debug|Any CPU
		{09BF9EFB-24AE-4475-B91E-A29A5B2494B7}.Debug|x64.ActiveCfg = Debug|Any CPU
		{09BF9EFB-24AE-4475-B91E-A29A5B2494B7}.Debug|x64.Build.0 = Debug|Any CPU
		{09BF9EFB-24AE-4475-B91E-A29A5B2494B7}.Debug|x86.ActiveCfg = Debug|Any CPU
		{09BF9EFB-24AE-4475-B91E-A29A5B2494B7}.Debug|x86.Build.0 = Debug|Any CPU
		{09BF9EFB-24AE-4475-B91E-A29A5B2494B7}.Release|Any CPU.ActiveCfg = Release|Any CPU
		{09BF9EFB-24AE-4475-B91E-A29A5B2494B7}.Release|Any CPU.Build.0 = Release|Any CPU
		{09BF9EFB-24AE-4475-B91E-A29A5B2494B7}.Release|x64.ActiveCfg = Release|Any CPU
		{09BF9EFB-24AE-4475-B91E-A29A5B2494B7}.Release|x64.Build.0 = Release|Any CPU
		{09BF9EFB-24AE-4475-B91E-A29A5B2494B7}.Release|x86.ActiveCfg = Release|Any CPU
		{09BF9EFB-24AE-4475-B91E-A29A5B2494B7}.Release|x86.Build.0 = Release|Any CPU
		{54900FC2-2A13-4895-BDB2-AB64759B5614}.Debug|Any CPU.ActiveCfg = Debug|Any CPU
		{54900FC2-2A13-4895-BDB2-AB64759B5614}.Debug|Any CPU.Build.0 = Debug|Any CPU
		{54900FC2-2A13-4895-BDB2-AB64759B5614}.Debug|x64.ActiveCfg = Debug|Any CPU
		{54900FC2-2A13-4895-BDB2-AB64759B5614}.Debug|x64.Build.0 = Debug|Any CPU
		{54900FC2-2A13-4895-BDB2-AB64759B5614}.Debug|x86.ActiveCfg = Debug|Any CPU
		{54900FC2-2A13-4895-BDB2-AB64759B5614}.Debug|x86.Build.0 = Debug|Any CPU
		{54900FC2-2A13-4895-BDB2-AB64759B5614}.Release|Any CPU.ActiveCfg = Release|Any CPU
		{54900FC2-2A13-4895-BDB2-AB64759B5614}.Release|Any CPU.Build.0 = Release|Any CPU
		{54900FC2-2A13-4895-BDB2-AB64759B5614}.Release|x64.ActiveCfg = Release|Any CPU
		{54900FC2-2A13-4895-BDB2-AB64759B5614}.Release|x64.Build.0 = Release|Any CPU
		{54900FC2-2A13-4895-BDB2-AB64759B5614}.Release|x86.ActiveCfg = Release|Any CPU
		{54900FC2-2A13-4895-BDB2-AB64759B5614}.Release|x86.Build.0 = Release|Any CPU
		{AF562876-D6C5-442D-98D1-244D820381F3}.Debug|Any CPU.ActiveCfg = Debug|Any CPU
		{AF562876-D6C5-442D-98D1-244D820381F3}.Debug|Any CPU.Build.0 = Debug|Any CPU
		{AF562876-D6C5-442D-98D1-244D820381F3}.Debug|x64.ActiveCfg = Debug|Any CPU
		{AF562876-D6C5-442D-98D1-244D820381F3}.Debug|x64.Build.0 = Debug|Any CPU
		{AF562876-D6C5-442D-98D1-244D820381F3}.Debug|x86.ActiveCfg = Debug|Any CPU
		{AF562876-D6C5-442D-98D1-244D820381F3}.Debug|x86.Build.0 = Debug|Any CPU
		{AF562876-D6C5-442D-98D1-244D820381F3}.Release|Any CPU.ActiveCfg = Release|Any CPU
		{AF562876-D6C5-442D-98D1-244D820381F3}.Release|Any CPU.Build.0 = Release|Any CPU
		{AF562876-D6C5-442D-98D1-244D820381F3}.Release|x64.ActiveCfg = Release|Any CPU
		{AF562876-D6C5-442D-98D1-244D820381F3}.Release|x64.Build.0 = Release|Any CPU
		{AF562876-D6C5-442D-98D1-244D820381F3}.Release|x86.ActiveCfg = Release|Any CPU
		{AF562876-D6C5-442D-98D1-244D820381F3}.Release|x86.Build.0 = Release|Any CPU
		{C92852DE-E148-4492-954D-691011264229}.Debug|Any CPU.ActiveCfg = Debug|Any CPU
		{C92852DE-E148-4492-954D-691011264229}.Debug|Any CPU.Build.0 = Debug|Any CPU
		{C92852DE-E148-4492-954D-691011264229}.Debug|x64.ActiveCfg = Debug|Any CPU
		{C92852DE-E148-4492-954D-691011264229}.Debug|x64.Build.0 = Debug|Any CPU
		{C92852DE-E148-4492-954D-691011264229}.Debug|x86.ActiveCfg = Debug|Any CPU
		{C92852DE-E148-4492-954D-691011264229}.Debug|x86.Build.0 = Debug|Any CPU
		{C92852DE-E148-4492-954D-691011264229}.Release|Any CPU.ActiveCfg = Release|Any CPU
		{C92852DE-E148-4492-954D-691011264229}.Release|Any CPU.Build.0 = Release|Any CPU
		{C92852DE-E148-4492-954D-691011264229}.Release|x64.ActiveCfg = Release|Any CPU
		{C92852DE-E148-4492-954D-691011264229}.Release|x64.Build.0 = Release|Any CPU
		{C92852DE-E148-4492-954D-691011264229}.Release|x86.ActiveCfg = Release|Any CPU
		{C92852DE-E148-4492-954D-691011264229}.Release|x86.Build.0 = Release|Any CPU
		{95A0D523-DF45-49A7-B0CB-98C165BEDD92}.Debug|Any CPU.ActiveCfg = Debug|Any CPU
		{95A0D523-DF45-49A7-B0CB-98C165BEDD92}.Debug|Any CPU.Build.0 = Debug|Any CPU
		{95A0D523-DF45-49A7-B0CB-98C165BEDD92}.Debug|x64.ActiveCfg = Debug|Any CPU
		{95A0D523-DF45-49A7-B0CB-98C165BEDD92}.Debug|x64.Build.0 = Debug|Any CPU
		{95A0D523-DF45-49A7-B0CB-98C165BEDD92}.Debug|x86.ActiveCfg = Debug|Any CPU
		{95A0D523-DF45-49A7-B0CB-98C165BEDD92}.Debug|x86.Build.0 = Debug|Any CPU
		{95A0D523-DF45-49A7-B0CB-98C165BEDD92}.Release|Any CPU.ActiveCfg = Release|Any CPU
		{95A0D523-DF45-49A7-B0CB-98C165BEDD92}.Release|Any CPU.Build.0 = Release|Any CPU
		{95A0D523-DF45-49A7-B0CB-98C165BEDD92}.Release|x64.ActiveCfg = Release|Any CPU
		{95A0D523-DF45-49A7-B0CB-98C165BEDD92}.Release|x64.Build.0 = Release|Any CPU
		{95A0D523-DF45-49A7-B0CB-98C165BEDD92}.Release|x86.ActiveCfg = Release|Any CPU
		{95A0D523-DF45-49A7-B0CB-98C165BEDD92}.Release|x86.Build.0 = Release|Any CPU
		{3CAAAB91-A2E8-4D7F-AEFC-680BB80AA588}.Debug|Any CPU.ActiveCfg = Debug|Any CPU
		{3CAAAB91-A2E8-4D7F-AEFC-680BB80AA588}.Debug|Any CPU.Build.0 = Debug|Any CPU
		{3CAAAB91-A2E8-4D7F-AEFC-680BB80AA588}.Debug|x64.ActiveCfg = Debug|Any CPU
		{3CAAAB91-A2E8-4D7F-AEFC-680BB80AA588}.Debug|x64.Build.0 = Debug|Any CPU
		{3CAAAB91-A2E8-4D7F-AEFC-680BB80AA588}.Debug|x86.ActiveCfg = Debug|Any CPU
		{3CAAAB91-A2E8-4D7F-AEFC-680BB80AA588}.Debug|x86.Build.0 = Debug|Any CPU
		{3CAAAB91-A2E8-4D7F-AEFC-680BB80AA588}.Release|Any CPU.ActiveCfg = Release|Any CPU
		{3CAAAB91-A2E8-4D7F-AEFC-680BB80AA588}.Release|Any CPU.Build.0 = Release|Any CPU
		{3CAAAB91-A2E8-4D7F-AEFC-680BB80AA588}.Release|x64.ActiveCfg = Release|Any CPU
		{3CAAAB91-A2E8-4D7F-AEFC-680BB80AA588}.Release|x64.Build.0 = Release|Any CPU
		{3CAAAB91-A2E8-4D7F-AEFC-680BB80AA588}.Release|x86.ActiveCfg = Release|Any CPU
		{3CAAAB91-A2E8-4D7F-AEFC-680BB80AA588}.Release|x86.Build.0 = Release|Any CPU
	EndGlobalSection
	GlobalSection(NestedProjects) = preSolution
		{2363AFF3-353C-497D-B1B9-DA11C300D323} = {B72650D8-863D-4B24-B7D5-49CD38EE030E}
		{5BEEB34B-08BB-45DC-B1AC-AE55B45F041E} = {DAAB947A-927C-46EE-9A35-93BF88DE71A8}
		{813850EA-6AAF-4D2A-8A96-73B5CDE70FCB} = {6F442D0B-8FBC-45C4-BEEB-EA1DAC41ACBC}
		{C107699E-861F-4715-9986-1C48C0CE67EF} = {6F442D0B-8FBC-45C4-BEEB-EA1DAC41ACBC}
		{09BF9EFB-24AE-4475-B91E-A29A5B2494B7} = {6F442D0B-8FBC-45C4-BEEB-EA1DAC41ACBC}
		{54900FC2-2A13-4895-BDB2-AB64759B5614} = {77BCB40E-E31C-4FB6-A6DC-D6043F729C9C}
		{AF562876-D6C5-442D-98D1-244D820381F3} = {DAAB947A-927C-46EE-9A35-93BF88DE71A8}
		{3CAAAB91-A2E8-4D7F-AEFC-680BB80AA588} = {DAAB947A-927C-46EE-9A35-93BF88DE71A8}
	EndGlobalSection
EndGlobal
