
Microsoft Visual Studio Solution File, Format Version 12.00
# Visual Studio 15
VisualStudioVersion = 15.0.26124.0
MinimumVisualStudioVersion = 15.0.26124.0
Project("{FAE04EC0-301F-11D3-BF4B-00C04F79EFBC}") = "SampleAPI", "SampleAPI\SampleAPI.csproj", "{3CB91E35-8988-48B5-86E3-725EA0893F66}"
EndProject
Project("{2150E333-8FDC-42A3-9474-1A3956D46DE8}") = "Tests", "Tests", "{B72650D8-863D-4B24-B7D5-49CD38EE030E}"
EndProject
Project("{FAE04EC0-301F-11D3-BF4B-00C04F79EFBC}") = "SampleAPI.Fixtures", "Tests\SampleAPI.Fixtures\SampleAPI.Fixtures.csproj", "{2363AFF3-353C-497D-B1B9-DA11C300D323}"
EndProject
Project("{FAE04EC0-301F-11D3-BF4B-00C04F79EFBC}") = "SampleAPI.OAuth.ClientCredentials", "SampleAPI.OAuth.ClientCredentials\SampleAPI.OAuth.ClientCredentials.csproj", "{40F43745-C56F-432A-8752-BDFF7C404989}"
EndProject
Project("{FAE04EC0-301F-11D3-BF4B-00C04F79EFBC}") = "SampleClient.ClientCredentials", "SampleClient.ClientCredentials\SampleClient.ClientCredentials.csproj", "{7C7E29C3-DB03-49E8-A97F-AFF541199926}"
EndProject
Project("{FAE04EC0-301F-11D3-BF4B-00C04F79EFBC}") = "IS4.ClientCredentials", "IS4.ClientCredentials\IS4.ClientCredentials.csproj", "{85A225D5-CD52-44F9-8759-C9F29367C5FE}"
EndProject
Global
	GlobalSection(SolutionConfigurationPlatforms) = preSolution
		Debug|Any CPU = Debug|Any CPU
		Debug|x64 = Debug|x64
		Debug|x86 = Debug|x86
		Release|Any CPU = Release|Any CPU
		Release|x64 = Release|x64
		Release|x86 = Release|x86
	EndGlobalSection
	GlobalSection(SolutionProperties) = preSolution
		HideSolutionNode = FALSE
	EndGlobalSection
	GlobalSection(ProjectConfigurationPlatforms) = postSolution
		{3CB91E35-8988-48B5-86E3-725EA0893F66}.Debug|Any CPU.ActiveCfg = Debug|Any CPU
		{3CB91E35-8988-48B5-86E3-725EA0893F66}.Debug|Any CPU.Build.0 = Debug|Any CPU
		{3CB91E35-8988-48B5-86E3-725EA0893F66}.Debug|x64.ActiveCfg = Debug|Any CPU
		{3CB91E35-8988-48B5-86E3-725EA0893F66}.Debug|x64.Build.0 = Debug|Any CPU
		{3CB91E35-8988-48B5-86E3-725EA0893F66}.Debug|x86.ActiveCfg = Debug|Any CPU
		{3CB91E35-8988-48B5-86E3-725EA0893F66}.Debug|x86.Build.0 = Debug|Any CPU
		{3CB91E35-8988-48B5-86E3-725EA0893F66}.Release|Any CPU.ActiveCfg = Release|Any CPU
		{3CB91E35-8988-48B5-86E3-725EA0893F66}.Release|Any CPU.Build.0 = Release|Any CPU
		{3CB91E35-8988-48B5-86E3-725EA0893F66}.Release|x64.ActiveCfg = Release|Any CPU
		{3CB91E35-8988-48B5-86E3-725EA0893F66}.Release|x64.Build.0 = Release|Any CPU
		{3CB91E35-8988-48B5-86E3-725EA0893F66}.Release|x86.ActiveCfg = Release|Any CPU
		{3CB91E35-8988-48B5-86E3-725EA0893F66}.Release|x86.Build.0 = Release|Any CPU
		{2363AFF3-353C-497D-B1B9-DA11C300D323}.Debug|Any CPU.ActiveCfg = Debug|Any CPU
		{2363AFF3-353C-497D-B1B9-DA11C300D323}.Debug|Any CPU.Build.0 = Debug|Any CPU
		{2363AFF3-353C-497D-B1B9-DA11C300D323}.Debug|x64.ActiveCfg = Debug|Any CPU
		{2363AFF3-353C-497D-B1B9-DA11C300D323}.Debug|x64.Build.0 = Debug|Any CPU
		{2363AFF3-353C-497D-B1B9-DA11C300D323}.Debug|x86.ActiveCfg = Debug|Any CPU
		{2363AFF3-353C-497D-B1B9-DA11C300D323}.Debug|x86.Build.0 = Debug|Any CPU
		{2363AFF3-353C-497D-B1B9-DA11C300D323}.Release|Any CPU.ActiveCfg = Release|Any CPU
		{2363AFF3-353C-497D-B1B9-DA11C300D323}.Release|Any CPU.Build.0 = Release|Any CPU
		{2363AFF3-353C-497D-B1B9-DA11C300D323}.Release|x64.ActiveCfg = Release|Any CPU
		{2363AFF3-353C-497D-B1B9-DA11C300D323}.Release|x64.Build.0 = Release|Any CPU
		{2363AFF3-353C-497D-B1B9-DA11C300D323}.Release|x86.ActiveCfg = Release|Any CPU
		{2363AFF3-353C-497D-B1B9-DA11C300D323}.Release|x86.Build.0 = Release|Any CPU
		{40F43745-C56F-432A-8752-BDFF7C404989}.Debug|Any CPU.ActiveCfg = Debug|Any CPU
		{40F43745-C56F-432A-8752-BDFF7C404989}.Debug|Any CPU.Build.0 = Debug|Any CPU
		{40F43745-C56F-432A-8752-BDFF7C404989}.Debug|x64.ActiveCfg = Debug|Any CPU
		{40F43745-C56F-432A-8752-BDFF7C404989}.Debug|x64.Build.0 = Debug|Any CPU
		{40F43745-C56F-432A-8752-BDFF7C404989}.Debug|x86.ActiveCfg = Debug|Any CPU
		{40F43745-C56F-432A-8752-BDFF7C404989}.Debug|x86.Build.0 = Debug|Any CPU
		{40F43745-C56F-432A-8752-BDFF7C404989}.Release|Any CPU.ActiveCfg = Release|Any CPU
		{40F43745-C56F-432A-8752-BDFF7C404989}.Release|Any CPU.Build.0 = Release|Any CPU
		{40F43745-C56F-432A-8752-BDFF7C404989}.Release|x64.ActiveCfg = Release|Any CPU
		{40F43745-C56F-432A-8752-BDFF7C404989}.Release|x64.Build.0 = Release|Any CPU
		{40F43745-C56F-432A-8752-BDFF7C404989}.Release|x86.ActiveCfg = Release|Any CPU
		{40F43745-C56F-432A-8752-BDFF7C404989}.Release|x86.Build.0 = Release|Any CPU
		{7C7E29C3-DB03-49E8-A97F-AFF541199926}.Debug|Any CPU.ActiveCfg = Debug|Any CPU
		{7C7E29C3-DB03-49E8-A97F-AFF541199926}.Debug|Any CPU.Build.0 = Debug|Any CPU
		{7C7E29C3-DB03-49E8-A97F-AFF541199926}.Debug|x64.ActiveCfg = Debug|Any CPU
		{7C7E29C3-DB03-49E8-A97F-AFF541199926}.Debug|x64.Build.0 = Debug|Any CPU
		{7C7E29C3-DB03-49E8-A97F-AFF541199926}.Debug|x86.ActiveCfg = Debug|Any CPU
		{7C7E29C3-DB03-49E8-A97F-AFF541199926}.Debug|x86.Build.0 = Debug|Any CPU
		{7C7E29C3-DB03-49E8-A97F-AFF541199926}.Release|Any CPU.ActiveCfg = Release|Any CPU
		{7C7E29C3-DB03-49E8-A97F-AFF541199926}.Release|Any CPU.Build.0 = Release|Any CPU
		{7C7E29C3-DB03-49E8-A97F-AFF541199926}.Release|x64.ActiveCfg = Release|Any CPU
		{7C7E29C3-DB03-49E8-A97F-AFF541199926}.Release|x64.Build.0 = Release|Any CPU
		{7C7E29C3-DB03-49E8-A97F-AFF541199926}.Release|x86.ActiveCfg = Release|Any CPU
		{7C7E29C3-DB03-49E8-A97F-AFF541199926}.Release|x86.Build.0 = Release|Any CPU
		{85A225D5-CD52-44F9-8759-C9F29367C5FE}.Debug|Any CPU.ActiveCfg = Debug|Any CPU
		{85A225D5-CD52-44F9-8759-C9F29367C5FE}.Debug|Any CPU.Build.0 = Debug|Any CPU
		{85A225D5-CD52-44F9-8759-C9F29367C5FE}.Debug|x64.ActiveCfg = Debug|Any CPU
		{85A225D5-CD52-44F9-8759-C9F29367C5FE}.Debug|x64.Build.0 = Debug|Any CPU
		{85A225D5-CD52-44F9-8759-C9F29367C5FE}.Debug|x86.ActiveCfg = Debug|Any CPU
		{85A225D5-CD52-44F9-8759-C9F29367C5FE}.Debug|x86.Build.0 = Debug|Any CPU
		{85A225D5-CD52-44F9-8759-C9F29367C5FE}.Release|Any CPU.ActiveCfg = Release|Any CPU
		{85A225D5-CD52-44F9-8759-C9F29367C5FE}.Release|Any CPU.Build.0 = Release|Any CPU
		{85A225D5-CD52-44F9-8759-C9F29367C5FE}.Release|x64.ActiveCfg = Release|Any CPU
		{85A225D5-CD52-44F9-8759-C9F29367C5FE}.Release|x64.Build.0 = Release|Any CPU
		{85A225D5-CD52-44F9-8759-C9F29367C5FE}.Release|x86.ActiveCfg = Release|Any CPU
		{85A225D5-CD52-44F9-8759-C9F29367C5FE}.Release|x86.Build.0 = Release|Any CPU
	EndGlobalSection
	GlobalSection(NestedProjects) = preSolution
		{2363AFF3-353C-497D-B1B9-DA11C300D323} = {B72650D8-863D-4B24-B7D5-49CD38EE030E}
	EndGlobalSection
EndGlobal
