
Microsoft Visual Studio Solution File, Format Version 12.00
# Visual Studio 15
VisualStudioVersion = 15.0.26124.0
MinimumVisualStudioVersion = 15.0.26124.0
Project("{2150E333-8FDC-42A3-9474-1A3956D46DE8}") = "Tests", "Tests", "{B72650D8-863D-4B24-B7D5-49CD38EE030E}"
EndProject
Project("{FAE04EC0-301F-11D3-BF4B-00C04F79EFBC}") = "SampleAPI.Fixtures", "Tests\SampleAPI.Fixtures\SampleAPI.Fixtures.csproj", "{2363AFF3-353C-497D-B1B9-DA11C300D323}"
EndProject
Project("{2150E333-8FDC-42A3-9474-1A3956D46DE8}") = "ClientCredentials", "ClientCredentials", "{6F442D0B-8FBC-45C4-BEEB-EA1DAC41ACBC}"
EndProject
Project("{FAE04EC0-301F-11D3-BF4B-00C04F79EFBC}") = "IS4.ClientCredentials", "ClientCredentials\IS4.ClientCredentials\IS4.ClientCredentials.csproj", "{63806533-1EBE-4ADF-964B-E78D429112DA}"
EndProject
Project("{FAE04EC0-301F-11D3-BF4B-00C04F79EFBC}") = "SampleAPI.OAuth.ClientCredentials", "ClientCredentials\SampleAPI.OAuth.ClientCredentials\SampleAPI.OAuth.ClientCredentials.csproj", "{293BA712-B5DD-4669-A5D5-3F413BA65697}"
EndProject
Project("{FAE04EC0-301F-11D3-BF4B-00C04F79EFBC}") = "SampleClient.ClientCredentials", "ClientCredentials\SampleClient.ClientCredentials\SampleClient.ClientCredentials.csproj", "{047B01D1-3A18-42D8-8241-F7F92DF34173}"
EndProject
Project("{FAE04EC0-301F-11D3-BF4B-00C04F79EFBC}") = "SampleAPI", "SampleAPI\SampleAPI.csproj", "{3B5F2874-2451-463F-B549-B1ED1D7ACF5C}"
EndProject
Project("{2150E333-8FDC-42A3-9474-1A3956D46DE8}") = "OAuth.UI.InMemory", "OAuth.UI.InMemory", "{77BCB40E-E31C-4FB6-A6DC-D6043F729C9C}"
EndProject
Project("{FAE04EC0-301F-11D3-BF4B-00C04F79EFBC}") = "SampleAPI.OAuth.UI", "OAuth.UI.InMemory\SampleAPI.OAuth.UI\SampleAPI.OAuth.UI.csproj", "{904FDFF5-EB3C-428B-9A1B-07C500159701}"
EndProject
Project("{FAE04EC0-301F-11D3-BF4B-00C04F79EFBC}") = "SampleWebApp", "OAuth.UI.InMemory\SampleWebApp\SampleWebApp.csproj", "{562C0D77-6757-4F68-9866-2256845D9CB7}"
EndProject
Global
	GlobalSection(SolutionConfigurationPlatforms) = preSolution
		Debug|Any CPU = Debug|Any CPU
		Debug|x64 = Debug|x64
		Debug|x86 = Debug|x86
		Release|Any CPU = Release|Any CPU
		Release|x64 = Release|x64
		Release|x86 = Release|x86
	EndGlobalSection
	GlobalSection(SolutionProperties) = preSolution
		HideSolutionNode = FALSE
	EndGlobalSection
	GlobalSection(ProjectConfigurationPlatforms) = postSolution
		{2363AFF3-353C-497D-B1B9-DA11C300D323}.Debug|Any CPU.ActiveCfg = Debug|Any CPU
		{2363AFF3-353C-497D-B1B9-DA11C300D323}.Debug|Any CPU.Build.0 = Debug|Any CPU
		{2363AFF3-353C-497D-B1B9-DA11C300D323}.Debug|x64.ActiveCfg = Debug|Any CPU
		{2363AFF3-353C-497D-B1B9-DA11C300D323}.Debug|x64.Build.0 = Debug|Any CPU
		{2363AFF3-353C-497D-B1B9-DA11C300D323}.Debug|x86.ActiveCfg = Debug|Any CPU
		{2363AFF3-353C-497D-B1B9-DA11C300D323}.Debug|x86.Build.0 = Debug|Any CPU
		{2363AFF3-353C-497D-B1B9-DA11C300D323}.Release|Any CPU.ActiveCfg = Release|Any CPU
		{2363AFF3-353C-497D-B1B9-DA11C300D323}.Release|Any CPU.Build.0 = Release|Any CPU
		{2363AFF3-353C-497D-B1B9-DA11C300D323}.Release|x64.ActiveCfg = Release|Any CPU
		{2363AFF3-353C-497D-B1B9-DA11C300D323}.Release|x64.Build.0 = Release|Any CPU
		{2363AFF3-353C-497D-B1B9-DA11C300D323}.Release|x86.ActiveCfg = Release|Any CPU
		{2363AFF3-353C-497D-B1B9-DA11C300D323}.Release|x86.Build.0 = Release|Any CPU
		{63806533-1EBE-4ADF-964B-E78D429112DA}.Debug|Any CPU.ActiveCfg = Debug|Any CPU
		{63806533-1EBE-4ADF-964B-E78D429112DA}.Debug|Any CPU.Build.0 = Debug|Any CPU
		{63806533-1EBE-4ADF-964B-E78D429112DA}.Debug|x64.ActiveCfg = Debug|Any CPU
		{63806533-1EBE-4ADF-964B-E78D429112DA}.Debug|x64.Build.0 = Debug|Any CPU
		{63806533-1EBE-4ADF-964B-E78D429112DA}.Debug|x86.ActiveCfg = Debug|Any CPU
		{63806533-1EBE-4ADF-964B-E78D429112DA}.Debug|x86.Build.0 = Debug|Any CPU
		{63806533-1EBE-4ADF-964B-E78D429112DA}.Release|Any CPU.ActiveCfg = Release|Any CPU
		{63806533-1EBE-4ADF-964B-E78D429112DA}.Release|Any CPU.Build.0 = Release|Any CPU
		{63806533-1EBE-4ADF-964B-E78D429112DA}.Release|x64.ActiveCfg = Release|Any CPU
		{63806533-1EBE-4ADF-964B-E78D429112DA}.Release|x64.Build.0 = Release|Any CPU
		{63806533-1EBE-4ADF-964B-E78D429112DA}.Release|x86.ActiveCfg = Release|Any CPU
		{63806533-1EBE-4ADF-964B-E78D429112DA}.Release|x86.Build.0 = Release|Any CPU
		{293BA712-B5DD-4669-A5D5-3F413BA65697}.Debug|Any CPU.ActiveCfg = Debug|Any CPU
		{293BA712-B5DD-4669-A5D5-3F413BA65697}.Debug|Any CPU.Build.0 = Debug|Any CPU
		{293BA712-B5DD-4669-A5D5-3F413BA65697}.Debug|x64.ActiveCfg = Debug|Any CPU
		{293BA712-B5DD-4669-A5D5-3F413BA65697}.Debug|x64.Build.0 = Debug|Any CPU
		{293BA712-B5DD-4669-A5D5-3F413BA65697}.Debug|x86.ActiveCfg = Debug|Any CPU
		{293BA712-B5DD-4669-A5D5-3F413BA65697}.Debug|x86.Build.0 = Debug|Any CPU
		{293BA712-B5DD-4669-A5D5-3F413BA65697}.Release|Any CPU.ActiveCfg = Release|Any CPU
		{293BA712-B5DD-4669-A5D5-3F413BA65697}.Release|Any CPU.Build.0 = Release|Any CPU
		{293BA712-B5DD-4669-A5D5-3F413BA65697}.Release|x64.ActiveCfg = Release|Any CPU
		{293BA712-B5DD-4669-A5D5-3F413BA65697}.Release|x64.Build.0 = Release|Any CPU
		{293BA712-B5DD-4669-A5D5-3F413BA65697}.Release|x86.ActiveCfg = Release|Any CPU
		{293BA712-B5DD-4669-A5D5-3F413BA65697}.Release|x86.Build.0 = Release|Any CPU
		{047B01D1-3A18-42D8-8241-F7F92DF34173}.Debug|Any CPU.ActiveCfg = Debug|Any CPU
		{047B01D1-3A18-42D8-8241-F7F92DF34173}.Debug|Any CPU.Build.0 = Debug|Any CPU
		{047B01D1-3A18-42D8-8241-F7F92DF34173}.Debug|x64.ActiveCfg = Debug|Any CPU
		{047B01D1-3A18-42D8-8241-F7F92DF34173}.Debug|x64.Build.0 = Debug|Any CPU
		{047B01D1-3A18-42D8-8241-F7F92DF34173}.Debug|x86.ActiveCfg = Debug|Any CPU
		{047B01D1-3A18-42D8-8241-F7F92DF34173}.Debug|x86.Build.0 = Debug|Any CPU
		{047B01D1-3A18-42D8-8241-F7F92DF34173}.Release|Any CPU.ActiveCfg = Release|Any CPU
		{047B01D1-3A18-42D8-8241-F7F92DF34173}.Release|Any CPU.Build.0 = Release|Any CPU
		{047B01D1-3A18-42D8-8241-F7F92DF34173}.Release|x64.ActiveCfg = Release|Any CPU
		{047B01D1-3A18-42D8-8241-F7F92DF34173}.Release|x64.Build.0 = Release|Any CPU
		{047B01D1-3A18-42D8-8241-F7F92DF34173}.Release|x86.ActiveCfg = Release|Any CPU
		{047B01D1-3A18-42D8-8241-F7F92DF34173}.Release|x86.Build.0 = Release|Any CPU
		{3B5F2874-2451-463F-B549-B1ED1D7ACF5C}.Debug|Any CPU.ActiveCfg = Debug|Any CPU
		{3B5F2874-2451-463F-B549-B1ED1D7ACF5C}.Debug|Any CPU.Build.0 = Debug|Any CPU
		{3B5F2874-2451-463F-B549-B1ED1D7ACF5C}.Debug|x64.ActiveCfg = Debug|Any CPU
		{3B5F2874-2451-463F-B549-B1ED1D7ACF5C}.Debug|x64.Build.0 = Debug|Any CPU
		{3B5F2874-2451-463F-B549-B1ED1D7ACF5C}.Debug|x86.ActiveCfg = Debug|Any CPU
		{3B5F2874-2451-463F-B549-B1ED1D7ACF5C}.Debug|x86.Build.0 = Debug|Any CPU
		{3B5F2874-2451-463F-B549-B1ED1D7ACF5C}.Release|Any CPU.ActiveCfg = Release|Any CPU
		{3B5F2874-2451-463F-B549-B1ED1D7ACF5C}.Release|Any CPU.Build.0 = Release|Any CPU
		{3B5F2874-2451-463F-B549-B1ED1D7ACF5C}.Release|x64.ActiveCfg = Release|Any CPU
		{3B5F2874-2451-463F-B549-B1ED1D7ACF5C}.Release|x64.Build.0 = Release|Any CPU
		{3B5F2874-2451-463F-B549-B1ED1D7ACF5C}.Release|x86.ActiveCfg = Release|Any CPU
		{3B5F2874-2451-463F-B549-B1ED1D7ACF5C}.Release|x86.Build.0 = Release|Any CPU
		{904FDFF5-EB3C-428B-9A1B-07C500159701}.Debug|Any CPU.ActiveCfg = Debug|Any CPU
		{904FDFF5-EB3C-428B-9A1B-07C500159701}.Debug|Any CPU.Build.0 = Debug|Any CPU
		{904FDFF5-EB3C-428B-9A1B-07C500159701}.Debug|x64.ActiveCfg = Debug|Any CPU
		{904FDFF5-EB3C-428B-9A1B-07C500159701}.Debug|x64.Build.0 = Debug|Any CPU
		{904FDFF5-EB3C-428B-9A1B-07C500159701}.Debug|x86.ActiveCfg = Debug|Any CPU
		{904FDFF5-EB3C-428B-9A1B-07C500159701}.Debug|x86.Build.0 = Debug|Any CPU
		{904FDFF5-EB3C-428B-9A1B-07C500159701}.Release|Any CPU.ActiveCfg = Release|Any CPU
		{904FDFF5-EB3C-428B-9A1B-07C500159701}.Release|Any CPU.Build.0 = Release|Any CPU
		{904FDFF5-EB3C-428B-9A1B-07C500159701}.Release|x64.ActiveCfg = Release|Any CPU
		{904FDFF5-EB3C-428B-9A1B-07C500159701}.Release|x64.Build.0 = Release|Any CPU
		{904FDFF5-EB3C-428B-9A1B-07C500159701}.Release|x86.ActiveCfg = Release|Any CPU
		{904FDFF5-EB3C-428B-9A1B-07C500159701}.Release|x86.Build.0 = Release|Any CPU
		{562C0D77-6757-4F68-9866-2256845D9CB7}.Debug|Any CPU.ActiveCfg = Debug|Any CPU
		{562C0D77-6757-4F68-9866-2256845D9CB7}.Debug|Any CPU.Build.0 = Debug|Any CPU
		{562C0D77-6757-4F68-9866-2256845D9CB7}.Debug|x64.ActiveCfg = Debug|Any CPU
		{562C0D77-6757-4F68-9866-2256845D9CB7}.Debug|x64.Build.0 = Debug|Any CPU
		{562C0D77-6757-4F68-9866-2256845D9CB7}.Debug|x86.ActiveCfg = Debug|Any CPU
		{562C0D77-6757-4F68-9866-2256845D9CB7}.Debug|x86.Build.0 = Debug|Any CPU
		{562C0D77-6757-4F68-9866-2256845D9CB7}.Release|Any CPU.ActiveCfg = Release|Any CPU
		{562C0D77-6757-4F68-9866-2256845D9CB7}.Release|Any CPU.Build.0 = Release|Any CPU
		{562C0D77-6757-4F68-9866-2256845D9CB7}.Release|x64.ActiveCfg = Release|Any CPU
		{562C0D77-6757-4F68-9866-2256845D9CB7}.Release|x64.Build.0 = Release|Any CPU
		{562C0D77-6757-4F68-9866-2256845D9CB7}.Release|x86.ActiveCfg = Release|Any CPU
		{562C0D77-6757-4F68-9866-2256845D9CB7}.Release|x86.Build.0 = Release|Any CPU
	EndGlobalSection
	GlobalSection(NestedProjects) = preSolution
		{2363AFF3-353C-497D-B1B9-DA11C300D323} = {B72650D8-863D-4B24-B7D5-49CD38EE030E}
		{63806533-1EBE-4ADF-964B-E78D429112DA} = {6F442D0B-8FBC-45C4-BEEB-EA1DAC41ACBC}
		{293BA712-B5DD-4669-A5D5-3F413BA65697} = {6F442D0B-8FBC-45C4-BEEB-EA1DAC41ACBC}
		{047B01D1-3A18-42D8-8241-F7F92DF34173} = {6F442D0B-8FBC-45C4-BEEB-EA1DAC41ACBC}
		{904FDFF5-EB3C-428B-9A1B-07C500159701} = {77BCB40E-E31C-4FB6-A6DC-D6043F729C9C}
		{562C0D77-6757-4F68-9866-2256845D9CB7} = {77BCB40E-E31C-4FB6-A6DC-D6043F729C9C}
	EndGlobalSection
EndGlobal
